{
  "name": "ractor-angular",
  "version": "1.0.0",
  "lockfileVersion": 1,
  "requires": true,
  "dependencies": {
    "@angular/core": {
      "version": "4.4.3",
      "resolved": "https://registry.npmjs.org/@angular/core/-/core-4.4.3.tgz",
      "integrity": "sha1-5x0rB76qy6tIq39R1OIobqXXDhU=",
      "requires": {
        "tslib": "1.7.1"
      }
    },
    "@types/node": {
      "version": "7.0.43",
      "resolved": "https://registry.npmjs.org/@types/node/-/node-7.0.43.tgz",
      "integrity": "sha512-7scYwwfHNppXvH/9JzakbVxk0o0QUILVk1Lv64GRaxwPuGpnF1QBiwdvhDpLcymb8BpomQL3KYoWKq3wUdDMhQ=="
    },
    "eventemitter2": {
      "version": "4.1.2",
      "resolved": "https://registry.npmjs.org/eventemitter2/-/eventemitter2-4.1.2.tgz",
      "integrity": "sha1-DhqEd6+CGm7zmVsxG/dMI6UkfxU="
    },
    "js-actor": {
      "version": "1.0.9",
      "resolved": "https://registry.npmjs.org/js-actor/-/js-actor-1.0.9.tgz",
      "integrity": "sha512-WxsrqH/GrMvLSIOlyHj2h5k+hhFaLJiXUqm9bH0oPamhjC3gtLvNcaaXSwhJ+zynVa77coRosmSWM/S2NOGQGA==",
      "requires": {
        "@types/node": "7.0.43",
        "eventemitter2": "4.1.2",
        "shortid": "2.2.8"
      }
    },
    "ractor": {
      "version": "1.0.2",
      "resolved": "https://registry.npmjs.org/ractor/-/ractor-1.0.2.tgz",
      "integrity": "sha512-pwltNtyj6k2tjFHU6I1U3RyOcvg/l/GoKtoFKABVVgjPaRWrQ3JW8P5Am3w0EPnCat6ej/Yexdr5Ogmy9uTXDw==",
      "requires": {
        "js-actor": "1.0.9"
      }
    },
    "rxjs": {
      "version": "5.4.3",
      "resolved": "https://registry.npmjs.org/rxjs/-/rxjs-5.4.3.tgz",
      "integrity": "sha512-fSNi+y+P9ss+EZuV0GcIIqPUK07DEaMRUtLJvdcvMyFjc9dizuDjere+A4V7JrLGnm9iCc+nagV/4QdMTkqC4A==",
      "requires": {
        "symbol-observable": "1.0.4"
      }
    },
    "shortid": {
      "version": "2.2.8",
      "resolved": "https://registry.npmjs.org/shortid/-/shortid-2.2.8.tgz",
      "integrity": "sha1-AzsRfWoul1gE9vCWnb59PQs1UTE="
    },
    "symbol-observable": {
      "version": "1.0.4",
      "resolved": "https://registry.npmjs.org/symbol-observable/-/symbol-observable-1.0.4.tgz",
      "integrity": "sha1-Kb9hXUqnEhvdiYsi1LP5vE4qoD0="
    },
    "tslib": {
      "version": "1.7.1",
      "resolved": "https://registry.npmjs.org/tslib/-/tslib-1.7.1.tgz",
      "integrity": "sha1-vIAEFkaRkjp5/oN4u+s9ogF1OOw="
    }
  }
}
